
Microsoft Visual Studio Solution File, Format Version 12.00
# Visual Studio Version 16
VisualStudioVersion = 16.0.30413.136
MinimumVisualStudioVersion = 10.0.40219.1
Project("{FAE04EC0-301F-11D3-BF4B-00C04F79EFBC}") = "TestingWPF", "TestingWPF.csproj", "{F74C0FE8-10A1-4243-880A-08F8A44EA0EB}"
EndProject
Global
	GlobalSection(SolutionConfigurationPlatforms) = preSolution
		Debug|Any CPU = Debug|Any CPU
		Release|Any CPU = Release|Any CPU
	EndGlobalSection
	GlobalSection(ProjectConfigurationPlatforms) = postSolution
		{F74C0FE8-10A1-4243-880A-08F8A44EA0EB}.Debug|Any CPU.ActiveCfg = Debug|Any CPU
		{F74C0FE8-10A1-4243-880A-08F8A44EA0EB}.Debug|Any CPU.Build.0 = Debug|Any CPU
		{F74C0FE8-10A1-4243-880A-08F8A44EA0EB}.Release|Any CPU.ActiveCfg = Release|Any CPU
		{F74C0FE8-10A1-4243-880A-08F8A44EA0EB}.Release|Any CPU.Build.0 = Release|Any CPU
	EndGlobalSection
	GlobalSection(SolutionProperties) = preSolution
		HideSolutionNode = FALSE
	EndGlobalSection
	GlobalSection(ExtensibilityGlobals) = postSolution
		SolutionGuid = {AF1D993D-383E-4756-992B-97AD266E0BE3}
	EndGlobalSection
EndGlobal
